
Microsoft Visual Studio Solution File, Format Version 12.00
# Visual Studio Version 16
VisualStudioVersion = 16.0.32228.343
MinimumVisualStudioVersion = 10.0.40219.1
Project("{FAE04EC0-301F-11D3-BF4B-00C04F79EFBC}") = "ConsoleApp1", "ConsoleApp1.csproj", "{FEDC2C10-9CA3-410A-9CE5-BE888261CF9D}"
EndProject
Global
	GlobalSection(SolutionConfigurationPlatforms) = preSolution
		Debug|Any CPU = Debug|Any CPU
		Release|Any CPU = Release|Any CPU
	EndGlobalSection
	GlobalSection(ProjectConfigurationPlatforms) = postSolution
		{FEDC2C10-9CA3-410A-9CE5-BE888261CF9D}.Debug|Any CPU.ActiveCfg = Debug|Any CPU
		{FEDC2C10-9CA3-410A-9CE5-BE888261CF9D}.Debug|Any CPU.Build.0 = Debug|Any CPU
		{FEDC2C10-9CA3-410A-9CE5-BE888261CF9D}.Release|Any CPU.ActiveCfg = Release|Any CPU
		{FEDC2C10-9CA3-410A-9CE5-BE888261CF9D}.Release|Any CPU.Build.0 = Release|Any CPU
	EndGlobalSection
	GlobalSection(SolutionProperties) = preSolution
		HideSolutionNode = FALSE
	EndGlobalSection
	GlobalSection(ExtensibilityGlobals) = postSolution
		SolutionGuid = {0F0AAD54-8BA8-4F28-A14C-D9B46390F20A}
	EndGlobalSection
EndGlobal
