
Microsoft Visual Studio Solution File, Format Version 12.00
# Visual Studio Version 16
VisualStudioVersion = 16.0.32407.337
MinimumVisualStudioVersion = 10.0.40219.1
Project("{FAE04EC0-301F-11D3-BF4B-00C04F79EFBC}") = "Figures", "Figures\Figures.csproj", "{DE798F4B-4428-4791-939D-8BB65E4DD3CD}"
EndProject
Global
	GlobalSection(SolutionConfigurationPlatforms) = preSolution
		Debug|Any CPU = Debug|Any CPU
		Release|Any CPU = Release|Any CPU
	EndGlobalSection
	GlobalSection(ProjectConfigurationPlatforms) = postSolution
		{DE798F4B-4428-4791-939D-8BB65E4DD3CD}.Debug|Any CPU.ActiveCfg = Debug|Any CPU
		{DE798F4B-4428-4791-939D-8BB65E4DD3CD}.Debug|Any CPU.Build.0 = Debug|Any CPU
		{DE798F4B-4428-4791-939D-8BB65E4DD3CD}.Release|Any CPU.ActiveCfg = Release|Any CPU
		{DE798F4B-4428-4791-939D-8BB65E4DD3CD}.Release|Any CPU.Build.0 = Release|Any CPU
	EndGlobalSection
	GlobalSection(SolutionProperties) = preSolution
		HideSolutionNode = FALSE
	EndGlobalSection
	GlobalSection(ExtensibilityGlobals) = postSolution
		SolutionGuid = {F43FDEC8-0FDA-4C36-89F5-7D9886E9EB71}
	EndGlobalSection
EndGlobal
