
Microsoft Visual Studio Solution File, Format Version 12.00
# Visual Studio Version 17
VisualStudioVersion = 17.3.32929.385
MinimumVisualStudioVersion = 10.0.40219.1
Project("{FAE04EC0-301F-11D3-BF4B-00C04F79EFBC}") = "Employee Managment", "Employee Managment\Employee Managment.csproj", "{3717CBED-E1FB-443F-8484-01096438E82F}"
EndProject
Global
	GlobalSection(SolutionConfigurationPlatforms) = preSolution
		Debug|Any CPU = Debug|Any CPU
		Release|Any CPU = Release|Any CPU
	EndGlobalSection
	GlobalSection(ProjectConfigurationPlatforms) = postSolution
		{3717CBED-E1FB-443F-8484-01096438E82F}.Debug|Any CPU.ActiveCfg = Debug|Any CPU
		{3717CBED-E1FB-443F-8484-01096438E82F}.Debug|Any CPU.Build.0 = Debug|Any CPU
		{3717CBED-E1FB-443F-8484-01096438E82F}.Release|Any CPU.ActiveCfg = Release|Any CPU
		{3717CBED-E1FB-443F-8484-01096438E82F}.Release|Any CPU.Build.0 = Release|Any CPU
	EndGlobalSection
	GlobalSection(SolutionProperties) = preSolution
		HideSolutionNode = FALSE
	EndGlobalSection
	GlobalSection(ExtensibilityGlobals) = postSolution
		SolutionGuid = {C3A22873-669B-4885-A98A-0456B7CF4159}
	EndGlobalSection
EndGlobal
